DEPENDENCIES
  acme
  apache2
  application_ruby (~> 4.0.1)
  apt (~> 6.1)
  apt_update
    path: kitchen/cookbooks/apt_update
  aws_metadata
    path: kitchen/cookbooks/aws_metadata
  aws_s3
    path: kitchen/cookbooks/aws_s3
  bash-completion
  build-essential
  cacert
  canonical_hostname
    path: kitchen/cookbooks/canonical_hostname
  citadel_fork
    git: https://github.com/18f/citadel-build.git
    revision: 7007851c91e1404a43f1c914471a2d6c817eea8e
  config_loader
    path: kitchen/cookbooks/config_loader
  elasticsearch (~> 3.0.2)
  elasticsearch-curator (~> 0.1.3)
  filebeat (~> 0.4.2)
  git
  hostname
  identity-elk
    path: kitchen/cookbooks/identity-elk
  identity-jenkins
    path: kitchen/cookbooks/identity-jenkins
  identity-jumphost
    path: kitchen/cookbooks/identity-jumphost
  identity-monitoring
    path: kitchen/cookbooks/identity-monitoring
  identity-nessus
    path: kitchen/cookbooks/identity-nessus
  identity-ntp
    path: kitchen/cookbooks/identity-ntp
  identity-ossec
    path: kitchen/cookbooks/identity-ossec
  instance_certificate
    path: kitchen/cookbooks/instance_certificate
  jenkins (~> 5.0.1)
  keytool
    git: https://github.com/timothy-spencer/chef-keytool
    revision: 54a26c087d419af4517b941db37c7421feed8f7b
    branch: tspencer/fix/additionalcreatestor
  letsencrypt (~> 1.0.0)
  login_dot_gov
    path: kitchen/cookbooks/login_dot_gov
  monit
  motd
  nano
  newrelic
  newrelic_meetme_plugin
  ntp
  ohai
  openssl
  ossec
    git: https://github.com/sous-chefs/ossec
    revision: 8e72ecb01d218fb773f337770f61b14116484690
  passenger
    path: kitchen/cookbooks/passenger
  poise-ruby
  poise-ruby-build
    path: kitchen/cookbooks/poise-ruby-build
  ruby_build
  ruby_rbenv
  service_discovery
    path: kitchen/cookbooks/service_discovery
  squid
    git: https://github.com/chef-cookbooks/squid
    revision: c93e0aaa0942d6de3ff04acffacb4844ad11973a
    tag: v3.1.2
  ssh-keys
  sudo
  terraform (~ 0.5)
  users

GRAPH
  7-zip (1.0.2)
    windows (>= 1.2.2)
  acme (4.0.0)
    compat_resource (>= 12.19)
  apache2 (5.0.1)
  application (5.2.0)
    poise (~> 2.4)
    poise-service (~> 1.0)
  application_ruby (4.0.1)
    application (~> 5.0)
    poise (~> 2.0)
    poise-ruby (~> 2.1)
    poise-service (~> 1.0)
  apt (6.1.4)
  apt_update (0.1.2)
  ark (1.1.0)
    build-essential (>= 0.0.0)
    seven_zip (>= 0.0.0)
    windows (>= 0.0.0)
  aws_metadata (0.1.0)
  aws_s3 (0.1.0)
    aws_metadata (>= 0.0.0)
  bash-completion (0.1.0)
  build-essential (2.4.0)
    7-zip (>= 0.0.0)
  cacert (0.5.0)
  canonical_hostname (0.1.0)
    aws_metadata (>= 0.0.0)
  chef-sugar (4.0.0)
  chef_handler (3.0.3)
  citadel_fork (9.1.1)
  compat_resource (12.19.1)
  config_loader (0.2.2)
    aws_metadata (>= 0.0.0)
    citadel_fork (>= 0.0.0)
  cron (5.1.0)
  curl (2.0.4)
  dmg (4.1.1)
  dpkg_autostart (0.2.0)
  elasticsearch (3.0.5)
    apt (>= 0.0.0)
    ark (>= 0.0.0)
    chef-sugar (>= 0.0.0)
    yum (>= 0.0.0)
  elasticsearch-curator (0.1.5)
    apt (>= 0.0.0)
    compat_resource (>= 0.0.0)
    cron (>= 0.0.0)
    poise-python (>= 0.0.0)
  filebeat (0.4.9)
    apt (>= 0.0.0)
    runit (>= 0.0.0)
    windows (>= 0.0.0)
    yum (>= 0.0.0)
    yum-plugin-versionlock (>= 0.1.2)
  git (4.6.0)
    build-essential (>= 0.0.0)
    dmg (>= 0.0.0)
    windows (>= 0.0.0)
    yum-epel (>= 0.0.0)
  homebrew (5.0.4)
  hostname (0.4.2)
    hostsfile (>= 0.0.0)
  hostsfile (3.0.1)
  identity-elk (0.1.30)
    acme (>= 0.0.0)
    apache2 (>= 0.0.0)
    aws_metadata (>= 0.0.0)
    config_loader (>= 0.0.0)
    cron (>= 0.0.0)
    elasticsearch (>= 0.0.0)
    elasticsearch-curator (>= 0.0.0)
    filebeat (>= 0.0.0)
    java (>= 0.0.0)
    keytool (>= 0.0.0)
    login_dot_gov (>= 0.0.0)
    runit (>= 0.0.0)
    service_discovery (>= 0.0.0)
  identity-jenkins (0.1.11)
    acme (>= 0.0.0)
    apache2 (>= 0.0.0)
    config_loader (>= 0.0.0)
    jenkins (>= 0.0.0)
    login_dot_gov (>= 0.0.0)
    terraform (>= 0.0.0)
  identity-jumphost (0.1.1)
    login_dot_gov (>= 0.0.0)
    squid (~> 3.0)
    terraform (>= 0.0.0)
    users (>= 0.0.0)
  identity-monitoring (0.1.1)
    config_loader (>= 0.0.0)
    login_dot_gov (>= 0.0.0)
    newrelic-infra (>= 0.0.0)
  identity-nessus (0.0.3)
    config_loader (>= 0.0.0)
  identity-ntp (0.2.0)
  identity-ossec (0.1.1)
    ossec (>= 0.0.0)
  instance_certificate (0.1.0)
    canonical_hostname (>= 0.0.0)
  java (1.50.0)
    apt (>= 0.0.0)
    homebrew (>= 0.0.0)
    windows (>= 0.0.0)
  jenkins (5.0.6)
    compat_resource (>= 12.16.3)
    dpkg_autostart (>= 0.0.0)
    runit (>= 1.7)
  keytool (0.8.1)
  letsencrypt (1.0.3)
  login_dot_gov (0.0.55)
    application_ruby (>= 0.0.1)
    config_loader (>= 0.0.1)
    newrelic (>= 0.0.1)
    passenger (>= 0.0.1)
    poise-ruby (>= 0.0.1)
    poise-ruby-build (>= 0.0.1)
    ruby_build (>= 0.0.1)
    ssh-keys (> 0.0.1)
    sudo (>= 0.0.1)
    users (>= 0.0.1)
  monit (1.0.0)
    poise (~> 2.0)
    poise-monit (~> 1.0)
  motd (0.6.4)
    chef_handler (>= 0.0.0)
  nano (1.0.3)
  newrelic (2.35.1)
    apt (>= 0.0.0)
    curl (>= 0.0.0)
    poise-python (>= 0.0.0)
    yum (>= 0.0.0)
  newrelic-infra (0.6.0)
    poise-archive (~> 1.5)
    poise-service (~> 1.5)
  newrelic_meetme_plugin (0.5.0)
    apt (>= 0.0.0)
    python (>= 0.0.0)
    yum (>= 0.0.0)
  ntp (3.5.6)
  ohai (5.2.2)
  openssl (8.1.2)
  ossec (1.0.5)
    compat_resource (>= 12.14.6)
    yum-atomic (>= 0.0.0)
  packagecloud (1.0.0)
  passenger (0.0.6)
  poise (2.8.1)
  poise-archive (1.5.0)
    poise (~> 2.6)
  poise-languages (2.1.1)
    poise (~> 2.5)
    poise-archive (~> 1.0)
  poise-monit (1.6.0)
    poise (~> 2.6)
    poise-languages (~> 2.0)
    poise-service (~> 1.1)
  poise-python (1.6.0)
    poise (~> 2.7)
    poise-languages (~> 2.0)
  poise-ruby (2.4.0)
    poise (~> 2.0)
    poise-languages (~> 2.0)
  poise-ruby-build (1.0.2)
    build-essential (~> 2.2)
    git (~> 4.2)
    poise (~> 2.0)
    poise-ruby (~> 2.1)
  poise-service (1.5.2)
    poise (~> 2.0)
  python (1.4.6)
    build-essential (>= 0.0.0)
    yum-epel (>= 0.0.0)
  ruby_build (1.1.0)
    git (>= 0.0.0)
    yum-epel (>= 0.0.0)
  ruby_rbenv (2.0.7)
  runit (4.0.4)
    packagecloud (>= 0.0.0)
    yum-epel (>= 0.0.0)
  selinux_policy (2.1.0)
  service_discovery (0.1.0)
    aws_metadata (>= 0.0.0)
    aws_s3 (>= 0.0.0)
    canonical_hostname (>= 0.0.0)
  seven_zip (2.0.2)
    windows (>= 1.2.2)
  squid (3.1.2)
    selinux_policy (>= 1.0.0)
  ssh-keys (1.2.7)
  sudo (5.3.3)
  terraform (0.5.3)
    ark (~> 1.1.0)
  users (5.3.1)
  windows (4.1.4)
  yum (5.1.0)
  yum-atomic (0.2.0)
    compat_resource (>= 12.14.6)
    yum-epel (>= 0.0.0)
  yum-epel (3.1.0)
  yum-plugin-versionlock (0.2.1)
